// !$*UTF8*$!
{
	archiveVersion = 1;
	classes = {
	};
	objectVersion = 45;
	objects = {

/* Begin PBXBuildFile section */
		1D3623260D0F684500981E51 /* TheBigPictureAppDelegate.m in Sources */ = {isa = PBXBuildFile; fileRef = 1D3623250D0F684500981E51 /* TheBigPictureAppDelegate.m */; };
		1D60589B0D05DD56006BFB54 /* main.m in Sources */ = {isa = PBXBuildFile; fileRef = 29B97316FDCFA39411CA2CEA /* main.m */; };
		1D60589F0D05DD5A006BFB54 /* Foundation.framework in Frameworks */ = {isa = PBXBuildFile; fileRef = 1D30AB110D05D00D00671497 /* Foundation.framework */; };
		1DF5F4E00D08C38300B7A737 /* UIKit.framework in Frameworks */ = {isa = PBXBuildFile; fileRef = 1DF5F4DF0D08C38300B7A737 /* UIKit.framework */; };
		2892E4100DC94CBA00A64D0F /* CoreGraphics.framework in Frameworks */ = {isa = PBXBuildFile; fileRef = 2892E40F0DC94CBA00A64D0F /* CoreGraphics.framework */; };
		2899E5600DE3E45000AC0155 /* RootViewController.xib in Resources */ = {isa = PBXBuildFile; fileRef = 2899E55F0DE3E45000AC0155 /* RootViewController.xib */; };
		28AD73600D9D9599002E5188 /* MainWindow.xib in Resources */ = {isa = PBXBuildFile; fileRef = 28AD735F0D9D9599002E5188 /* MainWindow.xib */; };
		28C286E10D94DF7D0034E888 /* RootViewController.m in Sources */ = {isa = PBXBuildFile; fileRef = 28C286E00D94DF7D0034E888 /* RootViewController.m */; };
		EC264DC90FDF3DE900A83382 /* RegexKitLite.m in Sources */ = {isa = PBXBuildFile; fileRef = EC264DC80FDF3DE900A83382 /* RegexKitLite.m */; };
		EC264E0D0FDF447E00A83382 /* Article.m in Sources */ = {isa = PBXBuildFile; fileRef = EC264E0C0FDF447E00A83382 /* Article.m */; };
		EC264E770FDF52CD00A83382 /* ArticleViewController.m in Sources */ = {isa = PBXBuildFile; fileRef = EC264E760FDF52CD00A83382 /* ArticleViewController.m */; };
		EC264F440FDF5F7700A83382 /* QuartzCore.framework in Frameworks */ = {isa = PBXBuildFile; fileRef = EC264F430FDF5F7700A83382 /* QuartzCore.framework */; };
		ECAD08460FE4190100BCCCE1 /* ArticleView.m in Sources */ = {isa = PBXBuildFile; fileRef = ECAD08450FE4190100BCCCE1 /* ArticleView.m */; };
		ECAD09000FE43B3000BCCCE1 /* CaptionView.m in Sources */ = {isa = PBXBuildFile; fileRef = ECAD08FF0FE43B3000BCCCE1 /* CaptionView.m */; };
		ECAD09430FE4400C00BCCCE1 /* ArticleCell.m in Sources */ = {isa = PBXBuildFile; fileRef = ECAD09420FE4400C00BCCCE1 /* ArticleCell.m */; };
		ECAD09CE0FE44F6200BCCCE1 /* dot.png in Resources */ = {isa = PBXBuildFile; fileRef = ECAD09CD0FE44F6200BCCCE1 /* dot.png */; };
		ECAD09E40FE452CA00BCCCE1 /* CFNetwork.framework in Frameworks */ = {isa = PBXBuildFile; fileRef = ECAD09E30FE452CA00BCCCE1 /* CFNetwork.framework */; };
		ECAD0A530FE4570F00BCCCE1 /* Default.png in Resources */ = {isa = PBXBuildFile; fileRef = ECAD0A520FE4570F00BCCCE1 /* Default.png */; };
		ECAD0AE10FE4727400BCCCE1 /* iTunesArtwork.png in Resources */ = {isa = PBXBuildFile; fileRef = ECAD0AE00FE4727400BCCCE1 /* iTunesArtwork.png */; };
		ECBA59B60FE2BA770044A1AD /* Icon.png in Resources */ = {isa = PBXBuildFile; fileRef = ECBA59B50FE2BA770044A1AD /* Icon.png */; };
		ECD2ADAC0FE030950054A901 /* Photo.m in Sources */ = {isa = PBXBuildFile; fileRef = ECD2ADAB0FE030950054A901 /* Photo.m */; };
		ECD2AEE50FE051FE0054A901 /* PhotoView.m in Sources */ = {isa = PBXBuildFile; fileRef = ECD2AEE40FE051FE0054A901 /* PhotoView.m */; };
/* End PBXBuildFile section */

/* Begin PBXFileReference section */
		1D30AB110D05D00D00671497 /* Foundation.framework */ = {isa = PBXFileReference; lastKnownFileType = wrapper.framework; name = Foundation.framework; path = System/Library/Frameworks/Foundation.framework; sourceTree = SDKROOT; };
		1D3623240D0F684500981E51 /* TheBigPictureAppDelegate.h */ = {isa = PBXFileReference; fileEncoding = 4; lastKnownFileType = sourcecode.c.h; name = TheBigPictureAppDelegate.h; path = Classes/TheBigPictureAppDelegate.h; sourceTree = "<group>"; };
		1D3623250D0F684500981E51 /* TheBigPictureAppDelegate.m */ = {isa = PBXFileReference; fileEncoding = 4; lastKnownFileType = sourcecode.c.objc; name = TheBigPictureAppDelegate.m; path = Classes/TheBigPictureAppDelegate.m; sourceTree = "<group>"; };
		1D6058910D05DD3D006BFB54 /* The Big Picture.app */ = {isa = PBXFileReference; explicitFileType = wrapper.application; includeInIndex = 0; path = "The Big Picture.app"; sourceTree = BUILT_PRODUCTS_DIR; };
		1DF5F4DF0D08C38300B7A737 /* UIKit.framework */ = {isa = PBXFileReference; lastKnownFileType = wrapper.framework; name = UIKit.framework; path = System/Library/Frameworks/UIKit.framework; sourceTree = SDKROOT; };
		2892E40F0DC94CBA00A64D0F /* CoreGraphics.framework */ = {isa = PBXFileReference; lastKnownFileType = wrapper.framework; name = CoreGraphics.framework; path = System/Library/Frameworks/CoreGraphics.framework; sourceTree = SDKROOT; };
		2899E55F0DE3E45000AC0155 /* RootViewController.xib */ = {isa = PBXFileReference; lastKnownFileType = file.xib; path = RootViewController.xib; sourceTree = "<group>"; };
		28A0AAE50D9B0CCF005BE974 /* TheBigPicture_Prefix.pch */ = {isa = PBXFileReference; fileEncoding = 4; lastKnownFileType = sourcecode.c.h; path = TheBigPicture_Prefix.pch; sourceTree = "<group>"; };
		28AD735F0D9D9599002E5188 /* MainWindow.xib */ = {isa = PBXFileReference; lastKnownFileType = file.xib; path = MainWindow.xib; sourceTree = "<group>"; };
		28C286DF0D94DF7D0034E888 /* RootViewController.h */ = {isa = PBXFileReference; fileEncoding = 4; lastKnownFileType = sourcecode.c.h; path = RootViewController.h; sourceTree = "<group>"; };
		28C286E00D94DF7D0034E888 /* RootViewController.m */ = {isa = PBXFileReference; fileEncoding = 4; lastKnownFileType = sourcecode.c.objc; path = RootViewController.m; sourceTree = "<group>"; };
		29B97316FDCFA39411CA2CEA /* main.m */ = {isa = PBXFileReference; fileEncoding = 4; lastKnownFileType = sourcecode.c.objc; path = main.m; sourceTree = "<group>"; };
		8D1107310486CEB800E47090 /* TheBigPicture-Info.plist */ = {isa = PBXFileReference; fileEncoding = 4; lastKnownFileType = text.plist.xml; path = "TheBigPicture-Info.plist"; plistStructureDefinitionIdentifier = "com.apple.xcode.plist.structure-definition.iphone.info-plist"; sourceTree = "<group>"; };
		EC264DC70FDF3DE900A83382 /* RegexKitLite.h */ = {isa = PBXFileReference; fileEncoding = 4; lastKnownFileType = sourcecode.c.h; name = RegexKitLite.h; path = Classes/RegexKitLite.h; sourceTree = "<group>"; };
		EC264DC80FDF3DE900A83382 /* RegexKitLite.m */ = {isa = PBXFileReference; fileEncoding = 4; lastKnownFileType = sourcecode.c.objc; name = RegexKitLite.m; path = Classes/RegexKitLite.m; sourceTree = "<group>"; };
		EC264E0B0FDF447E00A83382 /* Article.h */ = {isa = PBXFileReference; fileEncoding = 4; lastKnownFileType = sourcecode.c.h; path = Article.h; sourceTree = "<group>"; };
		EC264E0C0FDF447E00A83382 /* Article.m */ = {isa = PBXFileReference; fileEncoding = 4; lastKnownFileType = sourcecode.c.objc; path = Article.m; sourceTree = "<group>"; };
		EC264E750FDF52CD00A83382 /* ArticleViewController.h */ = {isa = PBXFileReference; fileEncoding = 4; lastKnownFileType = sourcecode.c.h; path = ArticleViewController.h; sourceTree = "<group>"; };
		EC264E760FDF52CD00A83382 /* ArticleViewController.m */ = {isa = PBXFileReference; fileEncoding = 4; lastKnownFileType = sourcecode.c.objc; path = ArticleViewController.m; sourceTree = "<group>"; };
		EC264F430FDF5F7700A83382 /* QuartzCore.framework */ = {isa = PBXFileReference; lastKnownFileType = wrapper.framework; name = QuartzCore.framework; path = ../../../../../../../../Developer/Platforms/iPhoneOS.platform/Developer/SDKs/iPhoneOS3.0.sdk/System/Library/Frameworks/QuartzCore.framework; sourceTree = SOURCE_ROOT; };
		ECAD08440FE4190100BCCCE1 /* ArticleView.h */ = {isa = PBXFileReference; fileEncoding = 4; lastKnownFileType = sourcecode.c.h; path = ArticleView.h; sourceTree = "<group>"; };
		ECAD08450FE4190100BCCCE1 /* ArticleView.m */ = {isa = PBXFileReference; fileEncoding = 4; lastKnownFileType = sourcecode.c.objc; path = ArticleView.m; sourceTree = "<group>"; };
		ECAD08FE0FE43B3000BCCCE1 /* CaptionView.h */ = {isa = PBXFileReference; fileEncoding = 4; lastKnownFileType = sourcecode.c.h; path = CaptionView.h; sourceTree = "<group>"; };
		ECAD08FF0FE43B3000BCCCE1 /* CaptionView.m */ = {isa = PBXFileReference; fileEncoding = 4; lastKnownFileType = sourcecode.c.objc; path = CaptionView.m; sourceTree = "<group>"; };
		ECAD09410FE4400C00BCCCE1 /* ArticleCell.h */ = {isa = PBXFileReference; fileEncoding = 4; lastKnownFileType = sourcecode.c.h; path = ArticleCell.h; sourceTree = "<group>"; };
		ECAD09420FE4400C00BCCCE1 /* ArticleCell.m */ = {isa = PBXFileReference; fileEncoding = 4; lastKnownFileType = sourcecode.c.objc; path = ArticleCell.m; sourceTree = "<group>"; };
		ECAD09CD0FE44F6200BCCCE1 /* dot.png */ = {isa = PBXFileReference; lastKnownFileType = image.png; path = dot.png; sourceTree = "<group>"; };
		ECAD09E30FE452CA00BCCCE1 /* CFNetwork.framework */ = {isa = PBXFileReference; lastKnownFileType = wrapper.framework; name = CFNetwork.framework; path = System/Library/Frameworks/CFNetwork.framework; sourceTree = SDKROOT; };
		ECAD0A520FE4570F00BCCCE1 /* Default.png */ = {isa = PBXFileReference; lastKnownFileType = image.png; path = Default.png; sourceTree = "<group>"; };
		ECAD0AE00FE4727400BCCCE1 /* iTunesArtwork.png */ = {isa = PBXFileReference; lastKnownFileType = image.png; path = iTunesArtwork.png; sourceTree = "<group>"; };
		ECBA59B50FE2BA770044A1AD /* Icon.png */ = {isa = PBXFileReference; lastKnownFileType = image.png; path = Icon.png; sourceTree = "<group>"; };
		ECD2ADAA0FE030950054A901 /* Photo.h */ = {isa = PBXFileReference; fileEncoding = 4; lastKnownFileType = sourcecode.c.h; path = Photo.h; sourceTree = "<group>"; };
		ECD2ADAB0FE030950054A901 /* Photo.m */ = {isa = PBXFileReference; fileEncoding = 4; lastKnownFileType = sourcecode.c.objc; path = Photo.m; sourceTree = "<group>"; };
		ECD2AEE30FE051FE0054A901 /* PhotoView.h */ = {isa = PBXFileReference; fileEncoding = 4; lastKnownFileType = sourcecode.c.h; path = PhotoView.h; sourceTree = "<group>"; };
		ECD2AEE40FE051FE0054A901 /* PhotoView.m */ = {isa = PBXFileReference; fileEncoding = 4; lastKnownFileType = sourcecode.c.objc; path = PhotoView.m; sourceTree = "<group>"; };
/* End PBXFileReference section */

/* Begin PBXFrameworksBuildPhase section */
		1D60588F0D05DD3D006BFB54 /* Frameworks */ = {
			isa = PBXFrameworksBuildPhase;
			buildActionMask = 2147483647;
			files = (
				1D60589F0D05DD5A006BFB54 /* Foundation.framework in Frameworks */,
				1DF5F4E00D08C38300B7A737 /* UIKit.framework in Frameworks */,
				2892E4100DC94CBA00A64D0F /* CoreGraphics.framework in Frameworks */,
				EC264F440FDF5F7700A83382 /* QuartzCore.framework in Frameworks */,
				ECAD09E40FE452CA00BCCCE1 /* CFNetwork.framework in Frameworks */,
			);
			runOnlyForDeploymentPostprocessing = 0;
		};
/* End PBXFrameworksBuildPhase section */

/* Begin PBXGroup section */
		080E96DDFE201D6D7F000001 /* View Controllers */ = {
			isa = PBXGroup;
			children = (
				EC264E750FDF52CD00A83382 /* ArticleViewController.h */,
				EC264E760FDF52CD00A83382 /* ArticleViewController.m */,
				28C286DF0D94DF7D0034E888 /* RootViewController.h */,
				28C286E00D94DF7D0034E888 /* RootViewController.m */,
			);
			name = "View Controllers";
			path = Classes;
			sourceTree = "<group>";
		};
		19C28FACFE9D520D11CA2CBB /* Products */ = {
			isa = PBXGroup;
			children = (
				1D6058910D05DD3D006BFB54 /* The Big Picture.app */,
			);
			name = Products;
			sourceTree = "<group>";
		};
		29B97314FDCFA39411CA2CEA /* CustomTemplate */ = {
			isa = PBXGroup;
			children = (
				ECAD09400FE43FEE00BCCCE1 /* Cells */,
				ECD2AD340FE0207F0054A901 /* Views */,
				EC264E780FDF52DB00A83382 /* App Delegate */,
				EC264E0A0FDF447400A83382 /* Models */,
				EC264DC50FDF3DC900A83382 /* Helpers */,
				080E96DDFE201D6D7F000001 /* View Controllers */,
				29B97315FDCFA39411CA2CEA /* Other Sources */,
				29B97317FDCFA39411CA2CEA /* Resources */,
				29B97323FDCFA39411CA2CEA /* Frameworks */,
				19C28FACFE9D520D11CA2CBB /* Products */,
			);
			name = CustomTemplate;
			sourceTree = "<group>";
		};
		29B97315FDCFA39411CA2CEA /* Other Sources */ = {
			isa = PBXGroup;
			children = (
				28A0AAE50D9B0CCF005BE974 /* TheBigPicture_Prefix.pch */,
				29B97316FDCFA39411CA2CEA /* main.m */,
			);
			name = "Other Sources";
			sourceTree = "<group>";
		};
		29B97317FDCFA39411CA2CEA /* Resources */ = {
			isa = PBXGroup;
			children = (
				ECAD0AE00FE4727400BCCCE1 /* iTunesArtwork.png */,
				ECAD0A520FE4570F00BCCCE1 /* Default.png */,
				ECAD09CD0FE44F6200BCCCE1 /* dot.png */,
				ECBA59B50FE2BA770044A1AD /* Icon.png */,
				2899E55F0DE3E45000AC0155 /* RootViewController.xib */,
				28AD735F0D9D9599002E5188 /* MainWindow.xib */,
				8D1107310486CEB800E47090 /* TheBigPicture-Info.plist */,
			);
			name = Resources;
			sourceTree = "<group>";
		};
		29B97323FDCFA39411CA2CEA /* Frameworks */ = {
			isa = PBXGroup;
			children = (
				ECAD09E30FE452CA00BCCCE1 /* CFNetwork.framework */,
				EC264F430FDF5F7700A83382 /* QuartzCore.framework */,
				1DF5F4DF0D08C38300B7A737 /* UIKit.framework */,
				1D30AB110D05D00D00671497 /* Foundation.framework */,
				2892E40F0DC94CBA00A64D0F /* CoreGraphics.framework */,
			);
			name = Frameworks;
			sourceTree = "<group>";
		};
		EC264DC50FDF3DC900A83382 /* Helpers */ = {
			isa = PBXGroup;
			children = (
				EC264DC70FDF3DE900A83382 /* RegexKitLite.h */,
				EC264DC80FDF3DE900A83382 /* RegexKitLite.m */,
			);
			name = Helpers;
			sourceTree = "<group>";
		};
		EC264E0A0FDF447400A83382 /* Models */ = {
			isa = PBXGroup;
			children = (
				EC264E0B0FDF447E00A83382 /* Article.h */,
				EC264E0C0FDF447E00A83382 /* Article.m */,
				ECD2ADAA0FE030950054A901 /* Photo.h */,
				ECD2ADAB0FE030950054A901 /* Photo.m */,
			);
			name = Models;
			sourceTree = "<group>";
		};
		EC264E780FDF52DB00A83382 /* App Delegate */ = {
			isa = PBXGroup;
			children = (
				1D3623240D0F684500981E51 /* TheBigPictureAppDelegate.h */,
				1D3623250D0F684500981E51 /* TheBigPictureAppDelegate.m */,
			);
			name = "App Delegate";
			sourceTree = "<group>";
		};
		ECAD09400FE43FEE00BCCCE1 /* Cells */ = {
			isa = PBXGroup;
			children = (
				ECAD09410FE4400C00BCCCE1 /* ArticleCell.h */,
				ECAD09420FE4400C00BCCCE1 /* ArticleCell.m */,
			);
			name = Cells;
			sourceTree = "<group>";
		};
		ECD2AD340FE0207F0054A901 /* Views */ = {
			isa = PBXGroup;
			children = (
				ECAD08440FE4190100BCCCE1 /* ArticleView.h */,
				ECAD08450FE4190100BCCCE1 /* ArticleView.m */,
				ECD2AEE30FE051FE0054A901 /* PhotoView.h */,
				ECD2AEE40FE051FE0054A901 /* PhotoView.m */,
				ECAD08FE0FE43B3000BCCCE1 /* CaptionView.h */,
				ECAD08FF0FE43B3000BCCCE1 /* CaptionView.m */,
			);
			name = Views;
			sourceTree = "<group>";
		};
/* End PBXGroup section */

/* Begin PBXNativeTarget section */
		1D6058900D05DD3D006BFB54 /* The Big Picture */ = {
			isa = PBXNativeTarget;
			buildConfigurationList = 1D6058960D05DD3E006BFB54 /* Build configuration list for PBXNativeTarget "The Big Picture" */;
			buildPhases = (
				1D60588D0D05DD3D006BFB54 /* Resources */,
				1D60588E0D05DD3D006BFB54 /* Sources */,
				1D60588F0D05DD3D006BFB54 /* Frameworks */,
			);
			buildRules = (
			);
			dependencies = (
			);
			name = "The Big Picture";
			productName = "The Big Picture";
			productReference = 1D6058910D05DD3D006BFB54 /* The Big Picture.app */;
			productType = "com.apple.product-type.application";
		};
/* End PBXNativeTarget section */

/* Begin PBXProject section */
		29B97313FDCFA39411CA2CEA /* Project object */ = {
			isa = PBXProject;
			buildConfigurationList = C01FCF4E08A954540054247B /* Build configuration list for PBXProject "The Big Picture" */;
			compatibilityVersion = "Xcode 3.1";
			hasScannedForEncodings = 1;
			knownRegions = (
				English,
				Japanese,
				French,
				German,
				en,
			);
			mainGroup = 29B97314FDCFA39411CA2CEA /* CustomTemplate */;
			projectDirPath = "";
			projectRoot = "";
			targets = (
				1D6058900D05DD3D006BFB54 /* The Big Picture */,
			);
		};
/* End PBXProject section */

/* Begin PBXResourcesBuildPhase section */
		1D60588D0D05DD3D006BFB54 /* Resources */ = {
			isa = PBXResourcesBuildPhase;
			buildActionMask = 2147483647;
			files = (
				28AD73600D9D9599002E5188 /* MainWindow.xib in Resources */,
				2899E5600DE3E45000AC0155 /* RootViewController.xib in Resources */,
				ECBA59B60FE2BA770044A1AD /* Icon.png in Resources */,
				ECAD09CE0FE44F6200BCCCE1 /* dot.png in Resources */,
				ECAD0A530FE4570F00BCCCE1 /* Default.png in Resources */,
				ECAD0AE10FE4727400BCCCE1 /* iTunesArtwork.png in Resources */,
			);
			runOnlyForDeploymentPostprocessing = 0;
		};
/* End PBXResourcesBuildPhase section */

/* Begin PBXSourcesBuildPhase section */
		1D60588E0D05DD3D006BFB54 /* Sources */ = {
			isa = PBXSourcesBuildPhase;
			buildActionMask = 2147483647;
			files = (
				1D60589B0D05DD56006BFB54 /* main.m in Sources */,
				1D3623260D0F684500981E51 /* TheBigPictureAppDelegate.m in Sources */,
				28C286E10D94DF7D0034E888 /* RootViewController.m in Sources */,
				EC264DC90FDF3DE900A83382 /* RegexKitLite.m in Sources */,
				EC264E0D0FDF447E00A83382 /* Article.m in Sources */,
				EC264E770FDF52CD00A83382 /* ArticleViewController.m in Sources */,
				ECD2ADAC0FE030950054A901 /* Photo.m in Sources */,
				ECD2AEE50FE051FE0054A901 /* PhotoView.m in Sources */,
				ECAD08460FE4190100BCCCE1 /* ArticleView.m in Sources */,
				ECAD09000FE43B3000BCCCE1 /* CaptionView.m in Sources */,
				ECAD09430FE4400C00BCCCE1 /* ArticleCell.m in Sources */,
			);
			runOnlyForDeploymentPostprocessing = 0;
		};
/* End PBXSourcesBuildPhase section */

/* Begin XCBuildConfiguration section */
		1D6058940D05DD3E006BFB54 /* Debug */ = {
			isa = XCBuildConfiguration;
			buildSettings = {
				ALWAYS_SEARCH_USER_PATHS = NO;
				COPY_PHASE_STRIP = NO;
				GCC_DYNAMIC_NO_PIC = NO;
				GCC_OPTIMIZATION_LEVEL = 0;
				GCC_PRECOMPILE_PREFIX_HEADER = YES;
				GCC_PREFIX_HEADER = TheBigPicture_Prefix.pch;
				INFOPLIST_FILE = "TheBigPicture-Info.plist";
				OTHER_LDFLAGS = "-licucore";
				PRODUCT_NAME = "The Big Picture";
			};
			name = Debug;
		};
		1D6058950D05DD3E006BFB54 /* Release */ = {
			isa = XCBuildConfiguration;
			buildSettings = {
				ALWAYS_SEARCH_USER_PATHS = NO;
				COPY_PHASE_STRIP = YES;
				GCC_PRECOMPILE_PREFIX_HEADER = YES;
				GCC_PREFIX_HEADER = The_Big_Picture_Prefix.pch;
				INFOPLIST_FILE = "TheBigPicture-Info.plist";
				PRODUCT_NAME = "The Big Picture";
			};
			name = Release;
		};
		C01FCF4F08A954540054247B /* Debug */ = {
			isa = XCBuildConfiguration;
			buildSettings = {
				ARCHS = "$(ARCHS_STANDARD_32_BIT)";
				"CODE_SIGN_IDENTITY[sdk=iphoneos*]" = "iPhone Developer: Taylan Pince";
				GCC_C_LANGUAGE_STANDARD = c99;
				GCC_WARN_ABOUT_RETURN_TYPE = YES;
				GCC_WARN_UNUSED_VARIABLE = YES;
				PREBINDING = NO;
				"PROVISIONING_PROFILE[sdk=iphoneos*]" = "27C62041-437F-44EE-85DB-E905598C038B";
				SDKROOT = iphoneos3.0;
			};
			name = Debug;
		};
		C01FCF5008A954540054247B /* Release */ = {
			isa = XCBuildConfiguration;
			buildSettings = {
				ARCHS = "$(ARCHS_STANDARD_32_BIT)";
				"CODE_SIGN_IDENTITY[sdk=iphoneos*]" = "iPhone Developer";
				GCC_C_LANGUAGE_STANDARD = c99;
				GCC_WARN_ABOUT_RETURN_TYPE = YES;
				GCC_WARN_UNUSED_VARIABLE = YES;
				PREBINDING = NO;
				SDKROOT = iphoneos3.0;
			};
			name = Release;
		};
/* End XCBuildConfiguration section */

/* Begin XCConfigurationList section */
		1D6058960D05DD3E006BFB54 /* Build configuration list for PBXNativeTarget "The Big Picture" */ = {
			isa = XCConfigurationList;
			buildConfigurations = (
				1D6058940D05DD3E006BFB54 /* Debug */,
				1D6058950D05DD3E006BFB54 /* Release */,
			);
			defaultConfigurationIsVisible = 0;
			defaultConfigurationName = Release;
		};
		C01FCF4E08A954540054247B /* Build configuration list for PBXProject "The Big Picture" */ = {
			isa = XCConfigurationList;
			buildConfigurations = (
				C01FCF4F08A954540054247B /* Debug */,
				C01FCF5008A954540054247B /* Release */,
			);
			defaultConfigurationIsVisible = 0;
			defaultConfigurationName = Release;
		};
/* End XCConfigurationList section */
	};
	rootObject = 29B97313FDCFA39411CA2CEA /* Project object */;
}
